
Microsoft Visual Studio Solution File, Format Version 12.00
# Visual Studio Version 17
VisualStudioVersion = 17.7.34031.279
MinimumVisualStudioVersion = 10.0.40219.1
Project("{FAE04EC0-301F-11D3-BF4B-00C04F79EFBC}") = "LoginTests", "LoginTests\LoginTests.csproj", "{1598FBF9-2137-4CF1-BCAC-51B09DA021E0}"
EndProject
Global
	GlobalSection(SolutionConfigurationPlatforms) = preSolution
		Debug|Any CPU = Debug|Any CPU
		Release|Any CPU = Release|Any CPU
	EndGlobalSection
	GlobalSection(ProjectConfigurationPlatforms) = postSolution
		{1598FBF9-2137-4CF1-BCAC-51B09DA021E0}.Debug|Any CPU.ActiveCfg = Debug|Any CPU
		{1598FBF9-2137-4CF1-BCAC-51B09DA021E0}.Debug|Any CPU.Build.0 = Debug|Any CPU
		{1598FBF9-2137-4CF1-BCAC-51B09DA021E0}.Release|Any CPU.ActiveCfg = Release|Any CPU
		{1598FBF9-2137-4CF1-BCAC-51B09DA021E0}.Release|Any CPU.Build.0 = Release|Any CPU
	EndGlobalSection
	GlobalSection(SolutionProperties) = preSolution
		HideSolutionNode = FALSE
	EndGlobalSection
	GlobalSection(ExtensibilityGlobals) = postSolution
		SolutionGuid = {64B26281-ECA9-4B64-A7BC-27F6111B12B2}
	EndGlobalSection
EndGlobal
